
Microsoft Visual Studio Solution File, Format Version 12.00
# Visual Studio Version 17
VisualStudioVersion = 17.3.32929.385
MinimumVisualStudioVersion = 10.0.40219.1
Project("{FAE04EC0-301F-11D3-BF4B-00C04F79EFBC}") = "Finder_Hypotenuse", "Finder_Hypotenuse\Finder_Hypotenuse.csproj", "{DACECE62-58B7-41B4-BFF5-EFA1780EDF91}"
EndProject
Global
	GlobalSection(SolutionConfigurationPlatforms) = preSolution
		Debug|Any CPU = Debug|Any CPU
		Release|Any CPU = Release|Any CPU
	EndGlobalSection
	GlobalSection(ProjectConfigurationPlatforms) = postSolution
		{DACECE62-58B7-41B4-BFF5-EFA1780EDF91}.Debug|Any CPU.ActiveCfg = Debug|Any CPU
		{DACECE62-58B7-41B4-BFF5-EFA1780EDF91}.Debug|Any CPU.Build.0 = Debug|Any CPU
		{DACECE62-58B7-41B4-BFF5-EFA1780EDF91}.Release|Any CPU.ActiveCfg = Release|Any CPU
		{DACECE62-58B7-41B4-BFF5-EFA1780EDF91}.Release|Any CPU.Build.0 = Release|Any CPU
	EndGlobalSection
	GlobalSection(SolutionProperties) = preSolution
		HideSolutionNode = FALSE
	EndGlobalSection
	GlobalSection(ExtensibilityGlobals) = postSolution
		SolutionGuid = {3575CE3E-0DFA-4481-AB9E-E6881A4CDEBF}
	EndGlobalSection
EndGlobal
